// !$*UTF8*$!
{
	archiveVersion = 1;
	classes = {
	};
	objectVersion = 51;
	objects = {

/* Begin PBXBuildFile section */
		0B16B2342458F57800C76149 /* AppDelegate.swift in Sources */ = {isa = PBXBuildFile; fileRef = 0B16B2332458F57800C76149 /* AppDelegate.swift */; };
		0B16B2362458F57800C76149 /* SceneDelegate.swift in Sources */ = {isa = PBXBuildFile; fileRef = 0B16B2352458F57800C76149 /* SceneDelegate.swift */; };
		0B16B2382458F57800C76149 /* LoginViewController.swift in Sources */ = {isa = PBXBuildFile; fileRef = 0B16B2372458F57800C76149 /* LoginViewController.swift */; };
		0B16B23B2458F57800C76149 /* Main.storyboard in Resources */ = {isa = PBXBuildFile; fileRef = 0B16B2392458F57800C76149 /* Main.storyboard */; };
		0B16B23D2458F57B00C76149 /* Assets.xcassets in Resources */ = {isa = PBXBuildFile; fileRef = 0B16B23C2458F57B00C76149 /* Assets.xcassets */; };
		0B16B2402458F57B00C76149 /* LaunchScreen.storyboard in Resources */ = {isa = PBXBuildFile; fileRef = 0B16B23E2458F57B00C76149 /* LaunchScreen.storyboard */; };
		0B16B24B2458F57C00C76149 /* instagramprojTests.swift in Sources */ = {isa = PBXBuildFile; fileRef = 0B16B24A2458F57C00C76149 /* instagramprojTests.swift */; };
		0B16B25824598E7700C76149 /* GoogleService-Info.plist in Resources */ = {isa = PBXBuildFile; fileRef = 0B16B25724598E7700C76149 /* GoogleService-Info.plist */; };
		0B73410D2459D71F0095E1F1 /* SignupViewController.swift in Sources */ = {isa = PBXBuildFile; fileRef = 0B73410C2459D71F0095E1F1 /* SignupViewController.swift */; };
		0BFEE6482459C0EC006362DD /* AuthService.swift in Sources */ = {isa = PBXBuildFile; fileRef = 0BFEE6472459C0EC006362DD /* AuthService.swift */; };
		0BFEE64A2459C4F0006362DD /* UIVIewController+Combine.swift in Sources */ = {isa = PBXBuildFile; fileRef = 0BFEE6492459C4F0006362DD /* UIVIewController+Combine.swift */; };
		0BFEE64C2459CCB7006362DD /* ViewController.swift in Sources */ = {isa = PBXBuildFile; fileRef = 0BFEE64B2459CCB7006362DD /* ViewController.swift */; };
		0BFEE64E2459CE36006362DD /* UIViewController+Navigation.swift in Sources */ = {isa = PBXBuildFile; fileRef = 0BFEE64D2459CE36006362DD /* UIViewController+Navigation.swift */; };
		3B913E9FB339EE4C112E6B05 /* Pods_instagramprojTests.framework in Frameworks */ = {isa = PBXBuildFile; fileRef = 2254B7AE92C3715B3990C25C /* Pods_instagramprojTests.framework */; };
		A35B6FDA65EB5316405F9E83 /* Pods_instagramproj.framework in Frameworks */ = {isa = PBXBuildFile; fileRef = 38E21DAA6A57AEA589B8195F /* Pods_instagramproj.framework */; };
/* End PBXBuildFile section */

/* Begin PBXContainerItemProxy section */
		0B16B2472458F57C00C76149 /* PBXContainerItemProxy */ = {
			isa = PBXContainerItemProxy;
			containerPortal = 0B16B2282458F57800C76149 /* Project object */;
			proxyType = 1;
			remoteGlobalIDString = 0B16B22F2458F57800C76149;
			remoteInfo = instagramproj;
		};
/* End PBXContainerItemProxy section */

/* Begin PBXFileReference section */
		0B16B2302458F57800C76149 /* instagramproj.app */ = {isa = PBXFileReference; explicitFileType = wrapper.application; includeInIndex = 0; path = instagramproj.app; sourceTree = BUILT_PRODUCTS_DIR; };
		0B16B2332458F57800C76149 /* AppDelegate.swift */ = {isa = PBXFileReference; lastKnownFileType = sourcecode.swift; path = AppDelegate.swift; sourceTree = "<group>"; };
		0B16B2352458F57800C76149 /* SceneDelegate.swift */ = {isa = PBXFileReference; lastKnownFileType = sourcecode.swift; path = SceneDelegate.swift; sourceTree = "<group>"; };
		0B16B2372458F57800C76149 /* LoginViewController.swift */ = {isa = PBXFileReference; lastKnownFileType = sourcecode.swift; path = LoginViewController.swift; sourceTree = "<group>"; };
		0B16B23A2458F57800C76149 /* Base */ = {isa = PBXFileReference; lastKnownFileType = file.storyboard; name = Base; path = Base.lproj/Main.storyboard; sourceTree = "<group>"; };
		0B16B23C2458F57B00C76149 /* Assets.xcassets */ = {isa = PBXFileReference; lastKnownFileType = folder.assetcatalog; path = Assets.xcassets; sourceTree = "<group>"; };
		0B16B23F2458F57B00C76149 /* Base */ = {isa = PBXFileReference; lastKnownFileType = file.storyboard; name = Base; path = Base.lproj/LaunchScreen.storyboard; sourceTree = "<group>"; };
		0B16B2412458F57B00C76149 /* Info.plist */ = {isa = PBXFileReference; lastKnownFileType = text.plist.xml; path = Info.plist; sourceTree = "<group>"; };
		0B16B2462458F57C00C76149 /* instagramprojTests.xctest */ = {isa = PBXFileReference; explicitFileType = wrapper.cfbundle; includeInIndex = 0; path = instagramprojTests.xctest; sourceTree = BUILT_PRODUCTS_DIR; };
		0B16B24A2458F57C00C76149 /* instagramprojTests.swift */ = {isa = PBXFileReference; lastKnownFileType = sourcecode.swift; path = instagramprojTests.swift; sourceTree = "<group>"; };
		0B16B24C2458F57C00C76149 /* Info.plist */ = {isa = PBXFileReference; lastKnownFileType = text.plist.xml; path = Info.plist; sourceTree = "<group>"; };
		0B16B25724598E7700C76149 /* GoogleService-Info.plist */ = {isa = PBXFileReference; fileEncoding = 4; lastKnownFileType = text.plist.xml; path = "GoogleService-Info.plist"; sourceTree = "<group>"; };
		0B73410C2459D71F0095E1F1 /* SignupViewController.swift */ = {isa = PBXFileReference; lastKnownFileType = sourcecode.swift; path = SignupViewController.swift; sourceTree = "<group>"; };
		0BFEE6472459C0EC006362DD /* AuthService.swift */ = {isa = PBXFileReference; lastKnownFileType = sourcecode.swift; path = AuthService.swift; sourceTree = "<group>"; };
		0BFEE6492459C4F0006362DD /* UIVIewController+Combine.swift */ = {isa = PBXFileReference; lastKnownFileType = sourcecode.swift; path = "UIVIewController+Combine.swift"; sourceTree = "<group>"; };
		0BFEE64B2459CCB7006362DD /* ViewController.swift */ = {isa = PBXFileReference; lastKnownFileType = sourcecode.swift; path = ViewController.swift; sourceTree = "<group>"; };
		0BFEE64D2459CE36006362DD /* UIViewController+Navigation.swift */ = {isa = PBXFileReference; lastKnownFileType = sourcecode.swift; path = "UIViewController+Navigation.swift"; sourceTree = "<group>"; };
		0DB83C8DA80FA8F393810C01 /* Pods-instagramprojTests.debug.xcconfig */ = {isa = PBXFileReference; includeInIndex = 1; lastKnownFileType = text.xcconfig; name = "Pods-instagramprojTests.debug.xcconfig"; path = "Target Support Files/Pods-instagramprojTests/Pods-instagramprojTests.debug.xcconfig"; sourceTree = "<group>"; };
		2254B7AE92C3715B3990C25C /* Pods_instagramprojTests.framework */ = {isa = PBXFileReference; explicitFileType = wrapper.framework; includeInIndex = 0; path = Pods_instagramprojTests.framework; sourceTree = BUILT_PRODUCTS_DIR; };
		38E21DAA6A57AEA589B8195F /* Pods_instagramproj.framework */ = {isa = PBXFileReference; explicitFileType = wrapper.framework; includeInIndex = 0; path = Pods_instagramproj.framework; sourceTree = BUILT_PRODUCTS_DIR; };
		3E84B23EDAF085D26BBF54BE /* Pods-instagramproj.release.xcconfig */ = {isa = PBXFileReference; includeInIndex = 1; lastKnownFileType = text.xcconfig; name = "Pods-instagramproj.release.xcconfig"; path = "Target Support Files/Pods-instagramproj/Pods-instagramproj.release.xcconfig"; sourceTree = "<group>"; };
		81B138CA500E6A6C30C197F1 /* Pods-instagramproj.debug.xcconfig */ = {isa = PBXFileReference; includeInIndex = 1; lastKnownFileType = text.xcconfig; name = "Pods-instagramproj.debug.xcconfig"; path = "Target Support Files/Pods-instagramproj/Pods-instagramproj.debug.xcconfig"; sourceTree = "<group>"; };
		AFC7513B5B12CF9E6148F161 /* Pods-instagramprojTests.release.xcconfig */ = {isa = PBXFileReference; includeInIndex = 1; lastKnownFileType = text.xcconfig; name = "Pods-instagramprojTests.release.xcconfig"; path = "Target Support Files/Pods-instagramprojTests/Pods-instagramprojTests.release.xcconfig"; sourceTree = "<group>"; };
/* End PBXFileReference section */

/* Begin PBXFrameworksBuildPhase section */
		0B16B22D2458F57800C76149 /* Frameworks */ = {
			isa = PBXFrameworksBuildPhase;
			buildActionMask = 2147483647;
			files = (
				A35B6FDA65EB5316405F9E83 /* Pods_instagramproj.framework in Frameworks */,
			);
			runOnlyForDeploymentPostprocessing = 0;
		};
		0B16B2432458F57C00C76149 /* Frameworks */ = {
			isa = PBXFrameworksBuildPhase;
			buildActionMask = 2147483647;
			files = (
				3B913E9FB339EE4C112E6B05 /* Pods_instagramprojTests.framework in Frameworks */,
			);
			runOnlyForDeploymentPostprocessing = 0;
		};
/* End PBXFrameworksBuildPhase section */

/* Begin PBXGroup section */
		0B16B2272458F57800C76149 = {
			isa = PBXGroup;
			children = (
				0B16B2322458F57800C76149 /* instagramproj */,
				0B16B2492458F57C00C76149 /* instagramprojTests */,
				0B16B2312458F57800C76149 /* Products */,
				9C6BED2BFFF7D56E888BBD30 /* Pods */,
				5F4714529C82D2E43C839BBE /* Frameworks */,
			);
			sourceTree = "<group>";
		};
		0B16B2312458F57800C76149 /* Products */ = {
			isa = PBXGroup;
			children = (
				0B16B2302458F57800C76149 /* instagramproj.app */,
				0B16B2462458F57C00C76149 /* instagramprojTests.xctest */,
			);
			name = Products;
			sourceTree = "<group>";
		};
		0B16B2322458F57800C76149 /* instagramproj */ = {
			isa = PBXGroup;
			children = (
				0B16B25724598E7700C76149 /* GoogleService-Info.plist */,
				0B16B2332458F57800C76149 /* AppDelegate.swift */,
				0B16B2352458F57800C76149 /* SceneDelegate.swift */,
				0BFEE6472459C0EC006362DD /* AuthService.swift */,
				0BFEE6512459D666006362DD /* Controllers */,
				0BFEE6522459D685006362DD /* Extensions */,
				0B16B2392458F57800C76149 /* Main.storyboard */,
				0B16B23C2458F57B00C76149 /* Assets.xcassets */,
				0B16B23E2458F57B00C76149 /* LaunchScreen.storyboard */,
				0B16B2412458F57B00C76149 /* Info.plist */,
			);
			path = instagramproj;
			sourceTree = "<group>";
		};
		0B16B2492458F57C00C76149 /* instagramprojTests */ = {
			isa = PBXGroup;
			children = (
				0B16B24A2458F57C00C76149 /* instagramprojTests.swift */,
				0B16B24C2458F57C00C76149 /* Info.plist */,
			);
			path = instagramprojTests;
			sourceTree = "<group>";
		};
		0BFEE6512459D666006362DD /* Controllers */ = {
			isa = PBXGroup;
			children = (
				0BFEE64B2459CCB7006362DD /* ViewController.swift */,
				0B16B2372458F57800C76149 /* LoginViewController.swift */,
				0B73410C2459D71F0095E1F1 /* SignupViewController.swift */,
			);
			path = Controllers;
			sourceTree = "<group>";
		};
		0BFEE6522459D685006362DD /* Extensions */ = {
			isa = PBXGroup;
			children = (
				0BFEE64D2459CE36006362DD /* UIViewController+Navigation.swift */,
				0BFEE6492459C4F0006362DD /* UIVIewController+Combine.swift */,
			);
			path = Extensions;
			sourceTree = "<group>";
		};
		5F4714529C82D2E43C839BBE /* Frameworks */ = {
			isa = PBXGroup;
			children = (
				38E21DAA6A57AEA589B8195F /* Pods_instagramproj.framework */,
				2254B7AE92C3715B3990C25C /* Pods_instagramprojTests.framework */,
			);
			name = Frameworks;
			sourceTree = "<group>";
		};
		9C6BED2BFFF7D56E888BBD30 /* Pods */ = {
			isa = PBXGroup;
			children = (
				81B138CA500E6A6C30C197F1 /* Pods-instagramproj.debug.xcconfig */,
				3E84B23EDAF085D26BBF54BE /* Pods-instagramproj.release.xcconfig */,
				0DB83C8DA80FA8F393810C01 /* Pods-instagramprojTests.debug.xcconfig */,
				AFC7513B5B12CF9E6148F161 /* Pods-instagramprojTests.release.xcconfig */,
			);
			path = Pods;
			sourceTree = "<group>";
		};
/* End PBXGroup section */

/* Begin PBXNativeTarget section */
		0B16B22F2458F57800C76149 /* instagramproj */ = {
			isa = PBXNativeTarget;
			buildConfigurationList = 0B16B24F2458F57C00C76149 /* Build configuration list for PBXNativeTarget "instagramproj" */;
			buildPhases = (
				6526CB61ED73B3060D0D4961 /* [CP] Check Pods Manifest.lock */,
				0B16B22C2458F57800C76149 /* Sources */,
				0B16B22D2458F57800C76149 /* Frameworks */,
				0B16B22E2458F57800C76149 /* Resources */,
				560D7D299574824C3800760C /* [CP] Embed Pods Frameworks */,
			);
			buildRules = (
			);
			dependencies = (
			);
			name = instagramproj;
			productName = instagramproj;
			productReference = 0B16B2302458F57800C76149 /* instagramproj.app */;
			productType = "com.apple.product-type.application";
		};
		0B16B2452458F57C00C76149 /* instagramprojTests */ = {
			isa = PBXNativeTarget;
			buildConfigurationList = 0B16B2522458F57C00C76149 /* Build configuration list for PBXNativeTarget "instagramprojTests" */;
			buildPhases = (
				7C39136121D72B3929227D8C /* [CP] Check Pods Manifest.lock */,
				0B16B2422458F57C00C76149 /* Sources */,
				0B16B2432458F57C00C76149 /* Frameworks */,
				0B16B2442458F57C00C76149 /* Resources */,
			);
			buildRules = (
			);
			dependencies = (
				0B16B2482458F57C00C76149 /* PBXTargetDependency */,
			);
			name = instagramprojTests;
			productName = instagramprojTests;
			productReference = 0B16B2462458F57C00C76149 /* instagramprojTests.xctest */;
			productType = "com.apple.product-type.bundle.unit-test";
		};
/* End PBXNativeTarget section */

/* Begin PBXProject section */
		0B16B2282458F57800C76149 /* Project object */ = {
			isa = PBXProject;
			attributes = {
				LastSwiftUpdateCheck = 1140;
				LastUpgradeCheck = 1140;
				ORGANIZATIONNAME = "Ahad Islam";
				TargetAttributes = {
					0B16B22F2458F57800C76149 = {
						CreatedOnToolsVersion = 11.4.1;
					};
					0B16B2452458F57C00C76149 = {
						CreatedOnToolsVersion = 11.4.1;
						TestTargetID = 0B16B22F2458F57800C76149;
					};
				};
			};
			buildConfigurationList = 0B16B22B2458F57800C76149 /* Build configuration list for PBXProject "instagramproj" */;
			compatibilityVersion = "Xcode 9.3";
			developmentRegion = en;
			hasScannedForEncodings = 0;
			knownRegions = (
				en,
				Base,
			);
			mainGroup = 0B16B2272458F57800C76149;
			productRefGroup = 0B16B2312458F57800C76149 /* Products */;
			projectDirPath = "";
			projectRoot = "";
			targets = (
				0B16B22F2458F57800C76149 /* instagramproj */,
				0B16B2452458F57C00C76149 /* instagramprojTests */,
			);
		};
/* End PBXProject section */

/* Begin PBXResourcesBuildPhase section */
		0B16B22E2458F57800C76149 /* Resources */ = {
			isa = PBXResourcesBuildPhase;
			buildActionMask = 2147483647;
			files = (
				0B16B2402458F57B00C76149 /* LaunchScreen.storyboard in Resources */,
				0B16B25824598E7700C76149 /* GoogleService-Info.plist in Resources */,
				0B16B23D2458F57B00C76149 /* Assets.xcassets in Resources */,
				0B16B23B2458F57800C76149 /* Main.storyboard in Resources */,
			);
			runOnlyForDeploymentPostprocessing = 0;
		};
		0B16B2442458F57C00C76149 /* Resources */ = {
			isa = PBXResourcesBuildPhase;
			buildActionMask = 2147483647;
			files = (
			);
			runOnlyForDeploymentPostprocessing = 0;
		};
/* End PBXResourcesBuildPhase section */

/* Begin PBXShellScriptBuildPhase section */
		560D7D299574824C3800760C /* [CP] Embed Pods Frameworks */ = {
			isa = PBXShellScriptBuildPhase;
			buildActionMask = 2147483647;
			files = (
			);
			inputFileListPaths = (
				"${PODS_ROOT}/Target Support Files/Pods-instagramproj/Pods-instagramproj-frameworks-${CONFIGURATION}-input-files.xcfilelist",
			);
			name = "[CP] Embed Pods Frameworks";
			outputFileListPaths = (
				"${PODS_ROOT}/Target Support Files/Pods-instagramproj/Pods-instagramproj-frameworks-${CONFIGURATION}-output-files.xcfilelist",
			);
			runOnlyForDeploymentPostprocessing = 0;
			shellPath = /bin/sh;
			shellScript = "\"${PODS_ROOT}/Target Support Files/Pods-instagramproj/Pods-instagramproj-frameworks.sh\"\n";
			showEnvVarsInLog = 0;
		};
		6526CB61ED73B3060D0D4961 /* [CP] Check Pods Manifest.lock */ = {
			isa = PBXShellScriptBuildPhase;
			buildActionMask = 2147483647;
			files = (
			);
			inputFileListPaths = (
			);
			inputPaths = (
				"${PODS_PODFILE_DIR_PATH}/Podfile.lock",
				"${PODS_ROOT}/Manifest.lock",
			);
			name = "[CP] Check Pods Manifest.lock";
			outputFileListPaths = (
			);
			outputPaths = (
				"$(DERIVED_FILE_DIR)/Pods-instagramproj-checkManifestLockResult.txt",
			);
			runOnlyForDeploymentPostprocessing = 0;
			shellPath = /bin/sh;
			shellScript = "diff \"${PODS_PODFILE_DIR_PATH}/Podfile.lock\" \"${PODS_ROOT}/Manifest.lock\" > /dev/null\nif [ $? != 0 ] ; then\n    # print error to STDERR\n    echo \"error: The sandbox is not in sync with the Podfile.lock. Run 'pod install' or update your CocoaPods installation.\" >&2\n    exit 1\nfi\n# This output is used by Xcode 'outputs' to avoid re-running this script phase.\necho \"SUCCESS\" > \"${SCRIPT_OUTPUT_FILE_0}\"\n";
			showEnvVarsInLog = 0;
		};
		7C39136121D72B3929227D8C /* [CP] Check Pods Manifest.lock */ = {
			isa = PBXShellScriptBuildPhase;
			buildActionMask = 2147483647;
			files = (
			);
			inputFileListPaths = (
			);
			inputPaths = (
				"${PODS_PODFILE_DIR_PATH}/Podfile.lock",
				"${PODS_ROOT}/Manifest.lock",
			);
			name = "[CP] Check Pods Manifest.lock";
			outputFileListPaths = (
			);
			outputPaths = (
				"$(DERIVED_FILE_DIR)/Pods-instagramprojTests-checkManifestLockResult.txt",
			);
			runOnlyForDeploymentPostprocessing = 0;
			shellPath = /bin/sh;
			shellScript = "diff \"${PODS_PODFILE_DIR_PATH}/Podfile.lock\" \"${PODS_ROOT}/Manifest.lock\" > /dev/null\nif [ $? != 0 ] ; then\n    # print error to STDERR\n    echo \"error: The sandbox is not in sync with the Podfile.lock. Run 'pod install' or update your CocoaPods installation.\" >&2\n    exit 1\nfi\n# This output is used by Xcode 'outputs' to avoid re-running this script phase.\necho \"SUCCESS\" > \"${SCRIPT_OUTPUT_FILE_0}\"\n";
			showEnvVarsInLog = 0;
		};
/* End PBXShellScriptBuildPhase section */

/* Begin PBXSourcesBuildPhase section */
		0B16B22C2458F57800C76149 /* Sources */ = {
			isa = PBXSourcesBuildPhase;
			buildActionMask = 2147483647;
			files = (
				0BFEE64C2459CCB7006362DD /* ViewController.swift in Sources */,
				0BFEE64E2459CE36006362DD /* UIViewController+Navigation.swift in Sources */,
				0B73410D2459D71F0095E1F1 /* SignupViewController.swift in Sources */,
				0B16B2382458F57800C76149 /* LoginViewController.swift in Sources */,
				0B16B2342458F57800C76149 /* AppDelegate.swift in Sources */,
				0B16B2362458F57800C76149 /* SceneDelegate.swift in Sources */,
				0BFEE6482459C0EC006362DD /* AuthService.swift in Sources */,
				0BFEE64A2459C4F0006362DD /* UIVIewController+Combine.swift in Sources */,
			);
			runOnlyForDeploymentPostprocessing = 0;
		};
		0B16B2422458F57C00C76149 /* Sources */ = {
			isa = PBXSourcesBuildPhase;
			buildActionMask = 2147483647;
			files = (
				0B16B24B2458F57C00C76149 /* instagramprojTests.swift in Sources */,
			);
			runOnlyForDeploymentPostprocessing = 0;
		};
/* End PBXSourcesBuildPhase section */

/* Begin PBXTargetDependency section */
		0B16B2482458F57C00C76149 /* PBXTargetDependency */ = {
			isa = PBXTargetDependency;
			target = 0B16B22F2458F57800C76149 /* instagramproj */;
			targetProxy = 0B16B2472458F57C00C76149 /* PBXContainerItemProxy */;
		};
/* End PBXTargetDependency section */

/* Begin PBXVariantGroup section */
		0B16B2392458F57800C76149 /* Main.storyboard */ = {
			isa = PBXVariantGroup;
			children = (
				0B16B23A2458F57800C76149 /* Base */,
			);
			name = Main.storyboard;
			sourceTree = "<group>";
		};
		0B16B23E2458F57B00C76149 /* LaunchScreen.storyboard */ = {
			isa = PBXVariantGroup;
			children = (
				0B16B23F2458F57B00C76149 /* Base */,
			);
			name = LaunchScreen.storyboard;
			sourceTree = "<group>";
		};
/* End PBXVariantGroup section */

/* Begin XCBuildConfiguration section */
		0B16B24D2458F57C00C76149 /* Debug */ = {
			isa = XCBuildConfiguration;
			buildSettings = {
				ALWAYS_SEARCH_USER_PATHS = NO;
				CLANG_ANALYZER_NONNULL = YES;
				CLANG_ANALYZER_NUMBER_OBJECT_CONVERSION = YES_AGGRESSIVE;
				CLANG_CXX_LANGUAGE_STANDARD = "gnu++14";
				CLANG_CXX_LIBRARY = "libc++";
				CLANG_ENABLE_MODULES = YES;
				CLANG_ENABLE_OBJC_ARC = YES;
				CLANG_ENABLE_OBJC_WEAK = YES;
				CLANG_WARN_BLOCK_CAPTURE_AUTORELEASING = YES;
				CLANG_WARN_BOOL_CONVERSION = YES;
				CLANG_WARN_COMMA = YES;
				CLANG_WARN_CONSTANT_CONVERSION = YES;
				CLANG_WARN_DEPRECATED_OBJC_IMPLEMENTATIONS = YES;
				CLANG_WARN_DIRECT_OBJC_ISA_USAGE = YES_ERROR;
				CLANG_WARN_DOCUMENTATION_COMMENTS = YES;
				CLANG_WARN_EMPTY_BODY = YES;
				CLANG_WARN_ENUM_CONVERSION = YES;
				CLANG_WARN_INFINITE_RECURSION = YES;
				CLANG_WARN_INT_CONVERSION = YES;
				CLANG_WARN_NON_LITERAL_NULL_CONVERSION = YES;
				CLANG_WARN_OBJC_IMPLICIT_RETAIN_SELF = YES;
				CLANG_WARN_OBJC_LITERAL_CONVERSION = YES;
				CLANG_WARN_OBJC_ROOT_CLASS = YES_ERROR;
				CLANG_WARN_RANGE_LOOP_ANALYSIS = YES;
				CLANG_WARN_STRICT_PROTOTYPES = YES;
				CLANG_WARN_SUSPICIOUS_MOVE = YES;
				CLANG_WARN_UNGUARDED_AVAILABILITY = YES_AGGRESSIVE;
				CLANG_WARN_UNREACHABLE_CODE = YES;
				CLANG_WARN__DUPLICATE_METHOD_MATCH = YES;
				COPY_PHASE_STRIP = NO;
				DEBUG_INFORMATION_FORMAT = dwarf;
				ENABLE_STRICT_OBJC_MSGSEND = YES;
				ENABLE_TESTABILITY = YES;
				GCC_C_LANGUAGE_STANDARD = gnu11;
				GCC_DYNAMIC_NO_PIC = NO;
				GCC_NO_COMMON_BLOCKS = YES;
				GCC_OPTIMIZATION_LEVEL = 0;
				GCC_PREPROCESSOR_DEFINITIONS = (
					"DEBUG=1",
					"$(inherited)",
				);
				GCC_WARN_64_TO_32_BIT_CONVERSION = YES;
				GCC_WARN_ABOUT_RETURN_TYPE = YES_ERROR;
				GCC_WARN_UNDECLARED_SELECTOR = YES;
				GCC_WARN_UNINITIALIZED_AUTOS = YES_AGGRESSIVE;
				GCC_WARN_UNUSED_FUNCTION = YES;
				GCC_WARN_UNUSED_VARIABLE = YES;
				IPHONEOS_DEPLOYMENT_TARGET = 13.4;
				MTL_ENABLE_DEBUG_INFO = INCLUDE_SOURCE;
				MTL_FAST_MATH = YES;
				ONLY_ACTIVE_ARCH = YES;
				SDKROOT = iphoneos;
				SWIFT_ACTIVE_COMPILATION_CONDITIONS = DEBUG;
				SWIFT_OPTIMIZATION_LEVEL = "-Onone";
			};
			name = Debug;
		};
		0B16B24E2458F57C00C76149 /* Release */ = {
			isa = XCBuildConfiguration;
			buildSettings = {
				ALWAYS_SEARCH_USER_PATHS = NO;
				CLANG_ANALYZER_NONNULL = YES;
				CLANG_ANALYZER_NUMBER_OBJECT_CONVERSION = YES_AGGRESSIVE;
				CLANG_CXX_LANGUAGE_STANDARD = "gnu++14";
				CLANG_CXX_LIBRARY = "libc++";
				CLANG_ENABLE_MODULES = YES;
				CLANG_ENABLE_OBJC_ARC = YES;
				CLANG_ENABLE_OBJC_WEAK = YES;
				CLANG_WARN_BLOCK_CAPTURE_AUTORELEASING = YES;
				CLANG_WARN_BOOL_CONVERSION = YES;
				CLANG_WARN_COMMA = YES;
				CLANG_WARN_CONSTANT_CONVERSION = YES;
				CLANG_WARN_DEPRECATED_OBJC_IMPLEMENTATIONS = YES;
				CLANG_WARN_DIRECT_OBJC_ISA_USAGE = YES_ERROR;
				CLANG_WARN_DOCUMENTATION_COMMENTS = YES;
				CLANG_WARN_EMPTY_BODY = YES;
				CLANG_WARN_ENUM_CONVERSION = YES;
				CLANG_WARN_INFINITE_RECURSION = YES;
				CLANG_WARN_INT_CONVERSION = YES;
				CLANG_WARN_NON_LITERAL_NULL_CONVERSION = YES;
				CLANG_WARN_OBJC_IMPLICIT_RETAIN_SELF = YES;
				CLANG_WARN_OBJC_LITERAL_CONVERSION = YES;
				CLANG_WARN_OBJC_ROOT_CLASS = YES_ERROR;
				CLANG_WARN_RANGE_LOOP_ANALYSIS = YES;
				CLANG_WARN_STRICT_PROTOTYPES = YES;
				CLANG_WARN_SUSPICIOUS_MOVE = YES;
				CLANG_WARN_UNGUARDED_AVAILABILITY = YES_AGGRESSIVE;
				CLANG_WARN_UNREACHABLE_CODE = YES;
				CLANG_WARN__DUPLICATE_METHOD_MATCH = YES;
				COPY_PHASE_STRIP = NO;
				DEBUG_INFORMATION_FORMAT = "dwarf-with-dsym";
				ENABLE_NS_ASSERTIONS = NO;
				ENABLE_STRICT_OBJC_MSGSEND = YES;
				GCC_C_LANGUAGE_STANDARD = gnu11;
				GCC_NO_COMMON_BLOCKS = YES;
				GCC_WARN_64_TO_32_BIT_CONVERSION = YES;
				GCC_WARN_ABOUT_RETURN_TYPE = YES_ERROR;
				GCC_WARN_UNDECLARED_SELECTOR = YES;
				GCC_WARN_UNINITIALIZED_AUTOS = YES_AGGRESSIVE;
				GCC_WARN_UNUSED_FUNCTION = YES;
				GCC_WARN_UNUSED_VARIABLE = YES;
				IPHONEOS_DEPLOYMENT_TARGET = 13.4;
				MTL_ENABLE_DEBUG_INFO = NO;
				MTL_FAST_MATH = YES;
				SDKROOT = iphoneos;
				SWIFT_COMPILATION_MODE = wholemodule;
				SWIFT_OPTIMIZATION_LEVEL = "-O";
				VALIDATE_PRODUCT = YES;
			};
			name = Release;
		};
		0B16B2502458F57C00C76149 /* Debug */ = {
			isa = XCBuildConfiguration;
			baseConfigurationReference = 81B138CA500E6A6C30C197F1 /* Pods-instagramproj.debug.xcconfig */;
			buildSettings = {
				ASSETCATALOG_COMPILER_APPICON_NAME = AppIcon;
				CODE_SIGN_STYLE = Automatic;
				DEVELOPMENT_TEAM = 4MS4J77WTY;
				INFOPLIST_FILE = instagramproj/Info.plist;
				LD_RUNPATH_SEARCH_PATHS = (
					"$(inherited)",
					"@executable_path/Frameworks",
				);
				PRODUCT_BUNDLE_IDENTIFIER = com.ahadislam.instagramproj;
				PRODUCT_NAME = "$(TARGET_NAME)";
				SWIFT_VERSION = 5.0;
				TARGETED_DEVICE_FAMILY = "1,2";
			};
			name = Debug;
		};
		0B16B2512458F57C00C76149 /* Release */ = {
			isa = XCBuildConfiguration;
			baseConfigurationReference = 3E84B23EDAF085D26BBF54BE /* Pods-instagramproj.release.xcconfig */;
			buildSettings = {
				ASSETCATALOG_COMPILER_APPICON_NAME = AppIcon;
				CODE_SIGN_STYLE = Automatic;
				DEVELOPMENT_TEAM = 4MS4J77WTY;
				INFOPLIST_FILE = instagramproj/Info.plist;
				LD_RUNPATH_SEARCH_PATHS = (
					"$(inherited)",
					"@executable_path/Frameworks",
				);
				PRODUCT_BUNDLE_IDENTIFIER = com.ahadislam.instagramproj;
				PRODUCT_NAME = "$(TARGET_NAME)";
				SWIFT_VERSION = 5.0;
				TARGETED_DEVICE_FAMILY = "1,2";
			};
			name = Release;
		};
		0B16B2532458F57C00C76149 /* Debug */ = {
			isa = XCBuildConfiguration;
			baseConfigurationReference = 0DB83C8DA80FA8F393810C01 /* Pods-instagramprojTests.debug.xcconfig */;
			buildSettings = {
				ALWAYS_EMBED_SWIFT_STANDARD_LIBRARIES = YES;
				BUNDLE_LOADER = "$(TEST_HOST)";
				CODE_SIGN_STYLE = Automatic;
				DEVELOPMENT_TEAM = 4MS4J77WTY;
				INFOPLIST_FILE = instagramprojTests/Info.plist;
				IPHONEOS_DEPLOYMENT_TARGET = 13.4;
				LD_RUNPATH_SEARCH_PATHS = (
					"$(inherited)",
					"@executable_path/Frameworks",
					"@loader_path/Frameworks",
				);
				PRODUCT_BUNDLE_IDENTIFIER = com.ahadislam.instagramprojTests;
				PRODUCT_NAME = "$(TARGET_NAME)";
				SWIFT_VERSION = 5.0;
				TARGETED_DEVICE_FAMILY = "1,2";
				TEST_HOST = "$(BUILT_PRODUCTS_DIR)/instagramproj.app/instagramproj";
			};
			name = Debug;
		};
		0B16B2542458F57C00C76149 /* Release */ = {
			isa = XCBuildConfiguration;
			baseConfigurationReference = AFC7513B5B12CF9E6148F161 /* Pods-instagramprojTests.release.xcconfig */;
			buildSettings = {
				ALWAYS_EMBED_SWIFT_STANDARD_LIBRARIES = YES;
				BUNDLE_LOADER = "$(TEST_HOST)";
				CODE_SIGN_STYLE = Automatic;
				DEVELOPMENT_TEAM = 4MS4J77WTY;
				INFOPLIST_FILE = instagramprojTests/Info.plist;
				IPHONEOS_DEPLOYMENT_TARGET = 13.4;
				LD_RUNPATH_SEARCH_PATHS = (
					"$(inherited)",
					"@executable_path/Frameworks",
					"@loader_path/Frameworks",
				);
				PRODUCT_BUNDLE_IDENTIFIER = com.ahadislam.instagramprojTests;
				PRODUCT_NAME = "$(TARGET_NAME)";
				SWIFT_VERSION = 5.0;
				TARGETED_DEVICE_FAMILY = "1,2";
				TEST_HOST = "$(BUILT_PRODUCTS_DIR)/instagramproj.app/instagramproj";
			};
			name = Release;
		};
/* End XCBuildConfiguration section */

/* Begin XCConfigurationList section */
		0B16B22B2458F57800C76149 /* Build configuration list for PBXProject "instagramproj" */ = {
			isa = XCConfigurationList;
			buildConfigurations = (
				0B16B24D2458F57C00C76149 /* Debug */,
				0B16B24E2458F57C00C76149 /* Release */,
			);
			defaultConfigurationIsVisible = 0;
			defaultConfigurationName = Release;
		};
		0B16B24F2458F57C00C76149 /* Build configuration list for PBXNativeTarget "instagramproj" */ = {
			isa = XCConfigurationList;
			buildConfigurations = (
				0B16B2502458F57C00C76149 /* Debug */,
				0B16B2512458F57C00C76149 /* Release */,
			);
			defaultConfigurationIsVisible = 0;
			defaultConfigurationName = Release;
		};
		0B16B2522458F57C00C76149 /* Build configuration list for PBXNativeTarget "instagramprojTests" */ = {
			isa = XCConfigurationList;
			buildConfigurations = (
				0B16B2532458F57C00C76149 /* Debug */,
				0B16B2542458F57C00C76149 /* Release */,
			);
			defaultConfigurationIsVisible = 0;
			defaultConfigurationName = Release;
		};
/* End XCConfigurationList section */
	};
	rootObject = 0B16B2282458F57800C76149 /* Project object */;
}
