// !$*UTF8*$!
{
	archiveVersion = 1;
	classes = {
	};
	objectVersion = 50;
	objects = {

/* Begin PBXBuildFile section */
		0B16B2342458F57800C76149 /* AppDelegate.swift in Sources */ = {isa = PBXBuildFile; fileRef = 0B16B2332458F57800C76149 /* AppDelegate.swift */; };
		0B16B2362458F57800C76149 /* SceneDelegate.swift in Sources */ = {isa = PBXBuildFile; fileRef = 0B16B2352458F57800C76149 /* SceneDelegate.swift */; };
		0B16B2382458F57800C76149 /* ViewController.swift in Sources */ = {isa = PBXBuildFile; fileRef = 0B16B2372458F57800C76149 /* ViewController.swift */; };
		0B16B23B2458F57800C76149 /* Main.storyboard in Resources */ = {isa = PBXBuildFile; fileRef = 0B16B2392458F57800C76149 /* Main.storyboard */; };
		0B16B23D2458F57B00C76149 /* Assets.xcassets in Resources */ = {isa = PBXBuildFile; fileRef = 0B16B23C2458F57B00C76149 /* Assets.xcassets */; };
		0B16B2402458F57B00C76149 /* LaunchScreen.storyboard in Resources */ = {isa = PBXBuildFile; fileRef = 0B16B23E2458F57B00C76149 /* LaunchScreen.storyboard */; };
		0B16B24B2458F57C00C76149 /* instagramprojTests.swift in Sources */ = {isa = PBXBuildFile; fileRef = 0B16B24A2458F57C00C76149 /* instagramprojTests.swift */; };
/* End PBXBuildFile section */

/* Begin PBXContainerItemProxy section */
		0B16B2472458F57C00C76149 /* PBXContainerItemProxy */ = {
			isa = PBXContainerItemProxy;
			containerPortal = 0B16B2282458F57800C76149 /* Project object */;
			proxyType = 1;
			remoteGlobalIDString = 0B16B22F2458F57800C76149;
			remoteInfo = instagramproj;
		};
/* End PBXContainerItemProxy section */

/* Begin PBXFileReference section */
		0B16B2302458F57800C76149 /* instagramproj.app */ = {isa = PBXFileReference; explicitFileType = wrapper.application; includeInIndex = 0; path = instagramproj.app; sourceTree = BUILT_PRODUCTS_DIR; };
		0B16B2332458F57800C76149 /* AppDelegate.swift */ = {isa = PBXFileReference; lastKnownFileType = sourcecode.swift; path = AppDelegate.swift; sourceTree = "<group>"; };
		0B16B2352458F57800C76149 /* SceneDelegate.swift */ = {isa = PBXFileReference; lastKnownFileType = sourcecode.swift; path = SceneDelegate.swift; sourceTree = "<group>"; };
		0B16B2372458F57800C76149 /* ViewController.swift */ = {isa = PBXFileReference; lastKnownFileType = sourcecode.swift; path = ViewController.swift; sourceTree = "<group>"; };
		0B16B23A2458F57800C76149 /* Base */ = {isa = PBXFileReference; lastKnownFileType = file.storyboard; name = Base; path = Base.lproj/Main.storyboard; sourceTree = "<group>"; };
		0B16B23C2458F57B00C76149 /* Assets.xcassets */ = {isa = PBXFileReference; lastKnownFileType = folder.assetcatalog; path = Assets.xcassets; sourceTree = "<group>"; };
		0B16B23F2458F57B00C76149 /* Base */ = {isa = PBXFileReference; lastKnownFileType = file.storyboard; name = Base; path = Base.lproj/LaunchScreen.storyboard; sourceTree = "<group>"; };
		0B16B2412458F57B00C76149 /* Info.plist */ = {isa = PBXFileReference; lastKnownFileType = text.plist.xml; path = Info.plist; sourceTree = "<group>"; };
		0B16B2462458F57C00C76149 /* instagramprojTests.xctest */ = {isa = PBXFileReference; explicitFileType = wrapper.cfbundle; includeInIndex = 0; path = instagramprojTests.xctest; sourceTree = BUILT_PRODUCTS_DIR; };
		0B16B24A2458F57C00C76149 /* instagramprojTests.swift */ = {isa = PBXFileReference; lastKnownFileType = sourcecode.swift; path = instagramprojTests.swift; sourceTree = "<group>"; };
		0B16B24C2458F57C00C76149 /* Info.plist */ = {isa = PBXFileReference; lastKnownFileType = text.plist.xml; path = Info.plist; sourceTree = "<group>"; };
/* End PBXFileReference section */

/* Begin PBXFrameworksBuildPhase section */
		0B16B22D2458F57800C76149 /* Frameworks */ = {
			isa = PBXFrameworksBuildPhase;
			buildActionMask = 2147483647;
			files = (
			);
			runOnlyForDeploymentPostprocessing = 0;
		};
		0B16B2432458F57C00C76149 /* Frameworks */ = {
			isa = PBXFrameworksBuildPhase;
			buildActionMask = 2147483647;
			files = (
			);
			runOnlyForDeploymentPostprocessing = 0;
		};
/* End PBXFrameworksBuildPhase section */

/* Begin PBXGroup section */
		0B16B2272458F57800C76149 = {
			isa = PBXGroup;
			children = (
				0B16B2322458F57800C76149 /* instagramproj */,
				0B16B2492458F57C00C76149 /* instagramprojTests */,
				0B16B2312458F57800C76149 /* Products */,
			);
			sourceTree = "<group>";
		};
		0B16B2312458F57800C76149 /* Products */ = {
			isa = PBXGroup;
			children = (
				0B16B2302458F57800C76149 /* instagramproj.app */,
				0B16B2462458F57C00C76149 /* instagramprojTests.xctest */,
			);
			name = Products;
			sourceTree = "<group>";
		};
		0B16B2322458F57800C76149 /* instagramproj */ = {
			isa = PBXGroup;
			children = (
				0B16B2332458F57800C76149 /* AppDelegate.swift */,
				0B16B2352458F57800C76149 /* SceneDelegate.swift */,
				0B16B2372458F57800C76149 /* ViewController.swift */,
				0B16B2392458F57800C76149 /* Main.storyboard */,
				0B16B23C2458F57B00C76149 /* Assets.xcassets */,
				0B16B23E2458F57B00C76149 /* LaunchScreen.storyboard */,
				0B16B2412458F57B00C76149 /* Info.plist */,
			);
			path = instagramproj;
			sourceTree = "<group>";
		};
		0B16B2492458F57C00C76149 /* instagramprojTests */ = {
			isa = PBXGroup;
			children = (
				0B16B24A2458F57C00C76149 /* instagramprojTests.swift */,
				0B16B24C2458F57C00C76149 /* Info.plist */,
			);
			path = instagramprojTests;
			sourceTree = "<group>";
		};
/* End PBXGroup section */

/* Begin PBXNativeTarget section */
		0B16B22F2458F57800C76149 /* instagramproj */ = {
			isa = PBXNativeTarget;
			buildConfigurationList = 0B16B24F2458F57C00C76149 /* Build configuration list for PBXNativeTarget "instagramproj" */;
			buildPhases = (
				0B16B22C2458F57800C76149 /* Sources */,
				0B16B22D2458F57800C76149 /* Frameworks */,
				0B16B22E2458F57800C76149 /* Resources */,
			);
			buildRules = (
			);
			dependencies = (
			);
			name = instagramproj;
			productName = instagramproj;
			productReference = 0B16B2302458F57800C76149 /* instagramproj.app */;
			productType = "com.apple.product-type.application";
		};
		0B16B2452458F57C00C76149 /* instagramprojTests */ = {
			isa = PBXNativeTarget;
			buildConfigurationList = 0B16B2522458F57C00C76149 /* Build configuration list for PBXNativeTarget "instagramprojTests" */;
			buildPhases = (
				0B16B2422458F57C00C76149 /* Sources */,
				0B16B2432458F57C00C76149 /* Frameworks */,
				0B16B2442458F57C00C76149 /* Resources */,
			);
			buildRules = (
			);
			dependencies = (
				0B16B2482458F57C00C76149 /* PBXTargetDependency */,
			);
			name = instagramprojTests;
			productName = instagramprojTests;
			productReference = 0B16B2462458F57C00C76149 /* instagramprojTests.xctest */;
			productType = "com.apple.product-type.bundle.unit-test";
		};
/* End PBXNativeTarget section */

/* Begin PBXProject section */
		0B16B2282458F57800C76149 /* Project object */ = {
			isa = PBXProject;
			attributes = {
				LastSwiftUpdateCheck = 1140;
				LastUpgradeCheck = 1140;
				ORGANIZATIONNAME = "Ahad Islam";
				TargetAttributes = {
					0B16B22F2458F57800C76149 = {
						CreatedOnToolsVersion = 11.4.1;
					};
					0B16B2452458F57C00C76149 = {
						CreatedOnToolsVersion = 11.4.1;
						TestTargetID = 0B16B22F2458F57800C76149;
					};
				};
			};
			buildConfigurationList = 0B16B22B2458F57800C76149 /* Build configuration list for PBXProject "instagramproj" */;
			compatibilityVersion = "Xcode 9.3";
			developmentRegion = en;
			hasScannedForEncodings = 0;
			knownRegions = (
				en,
				Base,
			);
			mainGroup = 0B16B2272458F57800C76149;
			productRefGroup = 0B16B2312458F57800C76149 /* Products */;
			projectDirPath = "";
			projectRoot = "";
			targets = (
				0B16B22F2458F57800C76149 /* instagramproj */,
				0B16B2452458F57C00C76149 /* instagramprojTests */,
			);
		};
/* End PBXProject section */

/* Begin PBXResourcesBuildPhase section */
		0B16B22E2458F57800C76149 /* Resources */ = {
			isa = PBXResourcesBuildPhase;
			buildActionMask = 2147483647;
			files = (
				0B16B2402458F57B00C76149 /* LaunchScreen.storyboard in Resources */,
				0B16B23D2458F57B00C76149 /* Assets.xcassets in Resources */,
				0B16B23B2458F57800C76149 /* Main.storyboard in Resources */,
			);
			runOnlyForDeploymentPostprocessing = 0;
		};
		0B16B2442458F57C00C76149 /* Resources */ = {
			isa = PBXResourcesBuildPhase;
			buildActionMask = 2147483647;
			files = (
			);
			runOnlyForDeploymentPostprocessing = 0;
		};
/* End PBXResourcesBuildPhase section */

/* Begin PBXSourcesBuildPhase section */
		0B16B22C2458F57800C76149 /* Sources */ = {
			isa = PBXSourcesBuildPhase;
			buildActionMask = 2147483647;
			files = (
				0B16B2382458F57800C76149 /* ViewController.swift in Sources */,
				0B16B2342458F57800C76149 /* AppDelegate.swift in Sources */,
				0B16B2362458F57800C76149 /* SceneDelegate.swift in Sources */,
			);
			runOnlyForDeploymentPostprocessing = 0;
		};
		0B16B2422458F57C00C76149 /* Sources */ = {
			isa = PBXSourcesBuildPhase;
			buildActionMask = 2147483647;
			files = (
				0B16B24B2458F57C00C76149 /* instagramprojTests.swift in Sources */,
			);
			runOnlyForDeploymentPostprocessing = 0;
		};
/* End PBXSourcesBuildPhase section */

/* Begin PBXTargetDependency section */
		0B16B2482458F57C00C76149 /* PBXTargetDependency */ = {
			isa = PBXTargetDependency;
			target = 0B16B22F2458F57800C76149 /* instagramproj */;
			targetProxy = 0B16B2472458F57C00C76149 /* PBXContainerItemProxy */;
		};
/* End PBXTargetDependency section */

/* Begin PBXVariantGroup section */
		0B16B2392458F57800C76149 /* Main.storyboard */ = {
			isa = PBXVariantGroup;
			children = (
				0B16B23A2458F57800C76149 /* Base */,
			);
			name = Main.storyboard;
			sourceTree = "<group>";
		};
		0B16B23E2458F57B00C76149 /* LaunchScreen.storyboard */ = {
			isa = PBXVariantGroup;
			children = (
				0B16B23F2458F57B00C76149 /* Base */,
			);
			name = LaunchScreen.storyboard;
			sourceTree = "<group>";
		};
/* End PBXVariantGroup section */

/* Begin XCBuildConfiguration section */
		0B16B24D2458F57C00C76149 /* Debug */ = {
			isa = XCBuildConfiguration;
			buildSettings = {
				ALWAYS_SEARCH_USER_PATHS = NO;
				CLANG_ANALYZER_NONNULL = YES;
				CLANG_ANALYZER_NUMBER_OBJECT_CONVERSION = YES_AGGRESSIVE;
				CLANG_CXX_LANGUAGE_STANDARD = "gnu++14";
				CLANG_CXX_LIBRARY = "libc++";
				CLANG_ENABLE_MODULES = YES;
				CLANG_ENABLE_OBJC_ARC = YES;
				CLANG_ENABLE_OBJC_WEAK = YES;
				CLANG_WARN_BLOCK_CAPTURE_AUTORELEASING = YES;
				CLANG_WARN_BOOL_CONVERSION = YES;
				CLANG_WARN_COMMA = YES;
				CLANG_WARN_CONSTANT_CONVERSION = YES;
				CLANG_WARN_DEPRECATED_OBJC_IMPLEMENTATIONS = YES;
				CLANG_WARN_DIRECT_OBJC_ISA_USAGE = YES_ERROR;
				CLANG_WARN_DOCUMENTATION_COMMENTS = YES;
				CLANG_WARN_EMPTY_BODY = YES;
				CLANG_WARN_ENUM_CONVERSION = YES;
				CLANG_WARN_INFINITE_RECURSION = YES;
				CLANG_WARN_INT_CONVERSION = YES;
				CLANG_WARN_NON_LITERAL_NULL_CONVERSION = YES;
				CLANG_WARN_OBJC_IMPLICIT_RETAIN_SELF = YES;
				CLANG_WARN_OBJC_LITERAL_CONVERSION = YES;
				CLANG_WARN_OBJC_ROOT_CLASS = YES_ERROR;
				CLANG_WARN_RANGE_LOOP_ANALYSIS = YES;
				CLANG_WARN_STRICT_PROTOTYPES = YES;
				CLANG_WARN_SUSPICIOUS_MOVE = YES;
				CLANG_WARN_UNGUARDED_AVAILABILITY = YES_AGGRESSIVE;
				CLANG_WARN_UNREACHABLE_CODE = YES;
				CLANG_WARN__DUPLICATE_METHOD_MATCH = YES;
				COPY_PHASE_STRIP = NO;
				DEBUG_INFORMATION_FORMAT = dwarf;
				ENABLE_STRICT_OBJC_MSGSEND = YES;
				ENABLE_TESTABILITY = YES;
				GCC_C_LANGUAGE_STANDARD = gnu11;
				GCC_DYNAMIC_NO_PIC = NO;
				GCC_NO_COMMON_BLOCKS = YES;
				GCC_OPTIMIZATION_LEVEL = 0;
				GCC_PREPROCESSOR_DEFINITIONS = (
					"DEBUG=1",
					"$(inherited)",
				);
				GCC_WARN_64_TO_32_BIT_CONVERSION = YES;
				GCC_WARN_ABOUT_RETURN_TYPE = YES_ERROR;
				GCC_WARN_UNDECLARED_SELECTOR = YES;
				GCC_WARN_UNINITIALIZED_AUTOS = YES_AGGRESSIVE;
				GCC_WARN_UNUSED_FUNCTION = YES;
				GCC_WARN_UNUSED_VARIABLE = YES;
				IPHONEOS_DEPLOYMENT_TARGET = 13.4;
				MTL_ENABLE_DEBUG_INFO = INCLUDE_SOURCE;
				MTL_FAST_MATH = YES;
				ONLY_ACTIVE_ARCH = YES;
				SDKROOT = iphoneos;
				SWIFT_ACTIVE_COMPILATION_CONDITIONS = DEBUG;
				SWIFT_OPTIMIZATION_LEVEL = "-Onone";
			};
			name = Debug;
		};
		0B16B24E2458F57C00C76149 /* Release */ = {
			isa = XCBuildConfiguration;
			buildSettings = {
				ALWAYS_SEARCH_USER_PATHS = NO;
				CLANG_ANALYZER_NONNULL = YES;
				CLANG_ANALYZER_NUMBER_OBJECT_CONVERSION = YES_AGGRESSIVE;
				CLANG_CXX_LANGUAGE_STANDARD = "gnu++14";
				CLANG_CXX_LIBRARY = "libc++";
				CLANG_ENABLE_MODULES = YES;
				CLANG_ENABLE_OBJC_ARC = YES;
				CLANG_ENABLE_OBJC_WEAK = YES;
				CLANG_WARN_BLOCK_CAPTURE_AUTORELEASING = YES;
				CLANG_WARN_BOOL_CONVERSION = YES;
				CLANG_WARN_COMMA = YES;
				CLANG_WARN_CONSTANT_CONVERSION = YES;
				CLANG_WARN_DEPRECATED_OBJC_IMPLEMENTATIONS = YES;
				CLANG_WARN_DIRECT_OBJC_ISA_USAGE = YES_ERROR;
				CLANG_WARN_DOCUMENTATION_COMMENTS = YES;
				CLANG_WARN_EMPTY_BODY = YES;
				CLANG_WARN_ENUM_CONVERSION = YES;
				CLANG_WARN_INFINITE_RECURSION = YES;
				CLANG_WARN_INT_CONVERSION = YES;
				CLANG_WARN_NON_LITERAL_NULL_CONVERSION = YES;
				CLANG_WARN_OBJC_IMPLICIT_RETAIN_SELF = YES;
				CLANG_WARN_OBJC_LITERAL_CONVERSION = YES;
				CLANG_WARN_OBJC_ROOT_CLASS = YES_ERROR;
				CLANG_WARN_RANGE_LOOP_ANALYSIS = YES;
				CLANG_WARN_STRICT_PROTOTYPES = YES;
				CLANG_WARN_SUSPICIOUS_MOVE = YES;
				CLANG_WARN_UNGUARDED_AVAILABILITY = YES_AGGRESSIVE;
				CLANG_WARN_UNREACHABLE_CODE = YES;
				CLANG_WARN__DUPLICATE_METHOD_MATCH = YES;
				COPY_PHASE_STRIP = NO;
				DEBUG_INFORMATION_FORMAT = "dwarf-with-dsym";
				ENABLE_NS_ASSERTIONS = NO;
				ENABLE_STRICT_OBJC_MSGSEND = YES;
				GCC_C_LANGUAGE_STANDARD = gnu11;
				GCC_NO_COMMON_BLOCKS = YES;
				GCC_WARN_64_TO_32_BIT_CONVERSION = YES;
				GCC_WARN_ABOUT_RETURN_TYPE = YES_ERROR;
				GCC_WARN_UNDECLARED_SELECTOR = YES;
				GCC_WARN_UNINITIALIZED_AUTOS = YES_AGGRESSIVE;
				GCC_WARN_UNUSED_FUNCTION = YES;
				GCC_WARN_UNUSED_VARIABLE = YES;
				IPHONEOS_DEPLOYMENT_TARGET = 13.4;
				MTL_ENABLE_DEBUG_INFO = NO;
				MTL_FAST_MATH = YES;
				SDKROOT = iphoneos;
				SWIFT_COMPILATION_MODE = wholemodule;
				SWIFT_OPTIMIZATION_LEVEL = "-O";
				VALIDATE_PRODUCT = YES;
			};
			name = Release;
		};
		0B16B2502458F57C00C76149 /* Debug */ = {
			isa = XCBuildConfiguration;
			buildSettings = {
				ASSETCATALOG_COMPILER_APPICON_NAME = AppIcon;
				CODE_SIGN_STYLE = Automatic;
				DEVELOPMENT_TEAM = 4MS4J77WTY;
				INFOPLIST_FILE = instagramproj/Info.plist;
				LD_RUNPATH_SEARCH_PATHS = (
					"$(inherited)",
					"@executable_path/Frameworks",
				);
				PRODUCT_BUNDLE_IDENTIFIER = com.ahadislam.instagramproj;
				PRODUCT_NAME = "$(TARGET_NAME)";
				SWIFT_VERSION = 5.0;
				TARGETED_DEVICE_FAMILY = "1,2";
			};
			name = Debug;
		};
		0B16B2512458F57C00C76149 /* Release */ = {
			isa = XCBuildConfiguration;
			buildSettings = {
				ASSETCATALOG_COMPILER_APPICON_NAME = AppIcon;
				CODE_SIGN_STYLE = Automatic;
				DEVELOPMENT_TEAM = 4MS4J77WTY;
				INFOPLIST_FILE = instagramproj/Info.plist;
				LD_RUNPATH_SEARCH_PATHS = (
					"$(inherited)",
					"@executable_path/Frameworks",
				);
				PRODUCT_BUNDLE_IDENTIFIER = com.ahadislam.instagramproj;
				PRODUCT_NAME = "$(TARGET_NAME)";
				SWIFT_VERSION = 5.0;
				TARGETED_DEVICE_FAMILY = "1,2";
			};
			name = Release;
		};
		0B16B2532458F57C00C76149 /* Debug */ = {
			isa = XCBuildConfiguration;
			buildSettings = {
				ALWAYS_EMBED_SWIFT_STANDARD_LIBRARIES = YES;
				BUNDLE_LOADER = "$(TEST_HOST)";
				CODE_SIGN_STYLE = Automatic;
				DEVELOPMENT_TEAM = 4MS4J77WTY;
				INFOPLIST_FILE = instagramprojTests/Info.plist;
				IPHONEOS_DEPLOYMENT_TARGET = 13.4;
				LD_RUNPATH_SEARCH_PATHS = (
					"$(inherited)",
					"@executable_path/Frameworks",
					"@loader_path/Frameworks",
				);
				PRODUCT_BUNDLE_IDENTIFIER = com.ahadislam.instagramprojTests;
				PRODUCT_NAME = "$(TARGET_NAME)";
				SWIFT_VERSION = 5.0;
				TARGETED_DEVICE_FAMILY = "1,2";
				TEST_HOST = "$(BUILT_PRODUCTS_DIR)/instagramproj.app/instagramproj";
			};
			name = Debug;
		};
		0B16B2542458F57C00C76149 /* Release */ = {
			isa = XCBuildConfiguration;
			buildSettings = {
				ALWAYS_EMBED_SWIFT_STANDARD_LIBRARIES = YES;
				BUNDLE_LOADER = "$(TEST_HOST)";
				CODE_SIGN_STYLE = Automatic;
				DEVELOPMENT_TEAM = 4MS4J77WTY;
				INFOPLIST_FILE = instagramprojTests/Info.plist;
				IPHONEOS_DEPLOYMENT_TARGET = 13.4;
				LD_RUNPATH_SEARCH_PATHS = (
					"$(inherited)",
					"@executable_path/Frameworks",
					"@loader_path/Frameworks",
				);
				PRODUCT_BUNDLE_IDENTIFIER = com.ahadislam.instagramprojTests;
				PRODUCT_NAME = "$(TARGET_NAME)";
				SWIFT_VERSION = 5.0;
				TARGETED_DEVICE_FAMILY = "1,2";
				TEST_HOST = "$(BUILT_PRODUCTS_DIR)/instagramproj.app/instagramproj";
			};
			name = Release;
		};
/* End XCBuildConfiguration section */

/* Begin XCConfigurationList section */
		0B16B22B2458F57800C76149 /* Build configuration list for PBXProject "instagramproj" */ = {
			isa = XCConfigurationList;
			buildConfigurations = (
				0B16B24D2458F57C00C76149 /* Debug */,
				0B16B24E2458F57C00C76149 /* Release */,
			);
			defaultConfigurationIsVisible = 0;
			defaultConfigurationName = Release;
		};
		0B16B24F2458F57C00C76149 /* Build configuration list for PBXNativeTarget "instagramproj" */ = {
			isa = XCConfigurationList;
			buildConfigurations = (
				0B16B2502458F57C00C76149 /* Debug */,
				0B16B2512458F57C00C76149 /* Release */,
			);
			defaultConfigurationIsVisible = 0;
			defaultConfigurationName = Release;
		};
		0B16B2522458F57C00C76149 /* Build configuration list for PBXNativeTarget "instagramprojTests" */ = {
			isa = XCConfigurationList;
			buildConfigurations = (
				0B16B2532458F57C00C76149 /* Debug */,
				0B16B2542458F57C00C76149 /* Release */,
			);
			defaultConfigurationIsVisible = 0;
			defaultConfigurationName = Release;
		};
/* End XCConfigurationList section */
	};
	rootObject = 0B16B2282458F57800C76149 /* Project object */;
}
